
Microsoft Visual Studio Solution File, Format Version 12.00
# Visual Studio Version 17
VisualStudioVersion = 17.14.36915.13 d17.14
MinimumVisualStudioVersion = 10.0.40219.1
Project("{FAE04EC0-301F-11D3-BF4B-00C04F79EFBC}") = "JobServices", "JobServices.csproj", "{9B053978-FB2D-45A2-BD1C-01FF07D3416F}"
EndProject
Global
	GlobalSection(SolutionConfigurationPlatforms) = preSolution
		Debug|Any CPU = Debug|Any CPU
		Release|Any CPU = Release|Any CPU
	EndGlobalSection
	GlobalSection(ProjectConfigurationPlatforms) = postSolution
		{9B053978-FB2D-45A2-BD1C-01FF07D3416F}.Debug|Any CPU.ActiveCfg = Debug|Any CPU
		{9B053978-FB2D-45A2-BD1C-01FF07D3416F}.Debug|Any CPU.Build.0 = Debug|Any CPU
		{9B053978-FB2D-45A2-BD1C-01FF07D3416F}.Release|Any CPU.ActiveCfg = Release|Any CPU
		{9B053978-FB2D-45A2-BD1C-01FF07D3416F}.Release|Any CPU.Build.0 = Release|Any CPU
	EndGlobalSection
	GlobalSection(SolutionProperties) = preSolution
		HideSolutionNode = FALSE
	EndGlobalSection
	GlobalSection(ExtensibilityGlobals) = postSolution
		SolutionGuid = {4F871A6C-DD73-4FB4-A087-76653AB74AD6}
	EndGlobalSection
EndGlobal
